
Microsoft Visual Studio Solution File, Format Version 12.00
# Visual Studio Version 16
VisualStudioVersion = 16.0.31515.178
MinimumVisualStudioVersion = 10.0.40219.1
Project("{FAE04EC0-301F-11D3-BF4B-00C04F79EFBC}") = "Practicas 1", "Practicas 1\Practicas 1.csproj", "{A9E19B03-3B4C-4D47-8ADF-08F0B875BCCC}"
EndProject
Global
	GlobalSection(SolutionConfigurationPlatforms) = preSolution
		Debug|Any CPU = Debug|Any CPU
		Release|Any CPU = Release|Any CPU
	EndGlobalSection
	GlobalSection(ProjectConfigurationPlatforms) = postSolution
		{A9E19B03-3B4C-4D47-8ADF-08F0B875BCCC}.Debug|Any CPU.ActiveCfg = Debug|Any CPU
		{A9E19B03-3B4C-4D47-8ADF-08F0B875BCCC}.Debug|Any CPU.Build.0 = Debug|Any CPU
		{A9E19B03-3B4C-4D47-8ADF-08F0B875BCCC}.Release|Any CPU.ActiveCfg = Release|Any CPU
		{A9E19B03-3B4C-4D47-8ADF-08F0B875BCCC}.Release|Any CPU.Build.0 = Release|Any CPU
	EndGlobalSection
	GlobalSection(SolutionProperties) = preSolution
		HideSolutionNode = FALSE
	EndGlobalSection
	GlobalSection(ExtensibilityGlobals) = postSolution
		SolutionGuid = {F03A36ED-1ABD-4A87-8EE9-E3B6EA2020C7}
	EndGlobalSection
EndGlobal
